# This file may be used to create an environment using:
# $ conda create --name <env> --file <this file>
# platform: linux-64
# created-by: conda 26.1.1
@EXPLICIT
https://conda.anaconda.org/conda-forge/noarch/ca-certificates-2026.7.22-hbd8a1cb_0.conda#0a0544cf95f64394fe4959286f5c71f5444ad58feb0602e53becb27448d24da6
https://conda.anaconda.org/conda-forge/noarch/font-ttf-dejavu-sans-mono-2.37-hab24e00_0.tar.bz2#58d7f40d2940dd0a8aa28651239adbf5613254df0f75789919c4e6762054403b
https://conda.anaconda.org/conda-forge/noarch/font-ttf-inconsolata-3.000-h77eed37_0.tar.bz2#c52a29fdac682c20d252facc50f01e7c2e7ceac52aa9817aaf0bb83f7559ec5c
https://conda.anaconda.org/conda-forge/noarch/font-ttf-source-code-pro-2.038-h77eed37_0.tar.bz2#00925c8c055a2275614b4d983e1df637245e19058d79fc7dd1a93b8d9fb4b139
https://conda.anaconda.org/conda-forge/noarch/font-ttf-ubuntu-0.83-h77eed37_3.conda#2821ec1dc454bd8b9a31d0ed22a7ce22422c0aef163c59f49dfdf915d0f0ca14
https://conda.anaconda.org/conda-forge/linux-64/libglvnd-1.7.0-ha4b6fd6_5.conda#6eb77601a44b78c4631d886d54ef54f321c2bdc69fdefc4065a1e0491f030c76
https://conda.anaconda.org/conda-forge/linux-64/libgomp-16.2.0-he0feb66_7.conda#92a0bb350c7be6a4eedcb4e111c60aefd176018e6b1c009a6e025dbe9bbcd758
https://conda.anaconda.org/conda-forge/linux-64/libopentelemetry-cpp-headers-1.27.0-ha770c72_1.conda#31349543e3c59c64f17e24494939a22b0e1d611bdb19d98d115775dba423cbf7
https://conda.anaconda.org/conda-forge/linux-64/libzlib-1.3.2-h25fd6f3_3.conda#eb8a0db0aa570124f7d2a93d7c7f596e3390df5e047818d873baad32985fc736
https://conda.anaconda.org/conda-forge/linux-64/nlohmann_json-3.12.0-h54a6638_2.conda#8f8b554c74b032b3e63a8828fb0ecc7ae4f5c5a6bd0afcf75423d5ff79290cb0
https://conda.anaconda.org/conda-forge/noarch/python_abi-3.11-9_cp311.conda#bcfbad269758f4617035314fe379ee655bc2d9db5282e7a00d61450b7cefa3cf
https://conda.anaconda.org/conda-forge/noarch/tzdata-2026c-h151e31d_0.conda#b928c30ddcb0e3f544c6eade8352737e6e610e263276b90232db6a578ef899d8
https://conda.anaconda.org/conda-forge/linux-64/_openmp_mutex-4.5-20_gnu.conda#1dd3fffd892081df9726d7eb7e0dea6198962ba775bd88842135a4ddb4deb3c9
https://conda.anaconda.org/conda-forge/noarch/fonts-conda-forge-1-hc364b38_1.conda#54eea8469786bc2291cc40bca5f46438d3e062a399e8f53f013b6a9f50e98333
https://conda.anaconda.org/conda-forge/linux-64/libegl-1.7.0-ha4b6fd6_5.conda#13d3fde9c1dcf254968cc70652222a43f25d04e69555ccf855553110e753288e
https://conda.anaconda.org/conda-forge/linux-64/libopengl-1.7.0-ha4b6fd6_5.conda#7bdca717c840e17d7dd050f925dd964da61086c2612b8579a4ff4147105f291f
https://conda.anaconda.org/conda-forge/linux-64/zlib-1.3.2-h25fd6f3_3.conda#16080a1c7724f7d25727cdc23c7658e0cec2db52448c1dc0c33467ee2c6e1c62
https://conda.anaconda.org/conda-forge/linux-64/zstd-1.5.7-hb78ec9c_7.conda#47d682b9f6d6ec9eb1a6e6c3e75ea6273e899e78fb7fc59f81d39745009fbc60
https://conda.anaconda.org/conda-forge/noarch/fonts-conda-ecosystem-1-0.tar.bz2#a997f2f1921bb9c9d76e6fa2f6b408b7fa549edd349a77639c9fe7a23ea93e61
https://conda.anaconda.org/conda-forge/linux-64/ld_impl_linux-64-2.46.1-default_hbd61a6d_102.conda#27d83f1188cd19bcb7754a078b3fa7f4cfb8527f8eb2fde54dd01fc529d1adec
https://conda.anaconda.org/conda-forge/linux-64/libgcc-16.2.0-ha9f2e26_7.conda#e031634c3a928f9594eba868bc46ef5230d6571a364a0c63215b06c4563bfcea
https://conda.anaconda.org/conda-forge/linux-64/alsa-lib-1.2.16.1-h7cc23a3_1.conda#a35bddac04be093769e81814465a537961c6ed0f8d3cc23d6dce6ecdfaf71821
https://conda.anaconda.org/conda-forge/linux-64/aws-c-common-0.14.2-hb03c661_0.conda#701398f1c9978c41e93cb0947869a66b7f8004e9d6e548d63d11aedae83cfb02
https://conda.anaconda.org/conda-forge/linux-64/bzip2-1.0.8-hda65f42_10.conda#1a0d382c515ebf55f8ee1f38c8b81bc95af5c2acc42ad53b66bc5df932032f96
https://conda.anaconda.org/conda-forge/linux-64/c-ares-1.34.8-hebe6cf0_2.conda#9c37cc233238adf366ea75b0e845662a5be07ceadf62e458183516369340274b
https://conda.anaconda.org/conda-forge/linux-64/fribidi-1.0.17-h7cc23a3_0.conda#3ba79ebfbd14ca5db4affaf10ee8001064e907de5baabc2dbe5bcd9aec856c9f
https://conda.anaconda.org/conda-forge/linux-64/giflib-6.1.3-hebe6cf0_2.conda#917c3a622c3870f822d25a882f1856e757d91e31a3dd52a499849a392ca865d2
https://conda.anaconda.org/conda-forge/linux-64/json-c-0.18-hebe6cf0_2.conda#78ec5a672acc8a6bf9c74268b88a72230809517aebe75a11acf959d3f9a63fe0
https://conda.anaconda.org/conda-forge/linux-64/keyutils-1.6.3-h7cc23a3_1.conda#dd053c96dcb0dcfd59422aefea9d2fe937a190167f34fba7893ec1e10a7e8963
https://conda.anaconda.org/conda-forge/linux-64/libbrotlicommon-1.2.0-h39a168f_4.conda#c4e9854c585f3ee1785f651287ecdf8c28f30a2ea1b159a513005f8a0f6453a3
https://conda.anaconda.org/conda-forge/linux-64/libdeflate-1.25-hd45a770_1.conda#82e134c8a08b1eed9a2ed8ab578b89aa1730dcde3dea8dd87645ed0637878e54
https://conda.anaconda.org/conda-forge/linux-64/libev-4.33-h280c20c_3.conda#e4418f68d01a6307c4431b585c71b584f40189877364e542ee87deb777f5e85b
https://conda.anaconda.org/conda-forge/linux-64/libexpat-2.8.5-hd2095e1_0.conda#6de73033a7c5f712c9c5a54124e4581e025691029835e5bceaf10a333a7e7bc0
https://conda.anaconda.org/conda-forge/linux-64/libffi-3.7.0-h81df57d_1.conda#c8c7583ef063bc3c430f1d48298e5ad24f796a35c22ed5b14183325825a61106
https://conda.anaconda.org/conda-forge/linux-64/libgcc-ng-16.2.0-h69a702a_7.conda#03b54d7008de080a17cc2174b0e4acd6d06e1c981b2eb19846f46d8f59966034
https://conda.anaconda.org/conda-forge/linux-64/libgfortran5-16.2.0-h6b99dfc_7.conda#04dbab12c925b92977bb835dd2f5eda413607afa79f95a554e5a04b07a380322
https://conda.anaconda.org/conda-forge/linux-64/libiconv-1.18-h0cb94f2_3.conda#f943117edb9cd4d9c61cc972eee5a34291dc55ea7a6e9e38da104995841cbcb6
https://conda.anaconda.org/conda-forge/linux-64/libjpeg-turbo-3.2.0-hb03c661_1.conda#bba8538e6538ed58a8479b332337b96986561f975d06cfa2039a016c2d246ee4
https://conda.anaconda.org/conda-forge/linux-64/liblzma-5.8.3-hb03c661_1.conda#9787df8c22a59c9a70d3e5a10db9ad663485e75e9ccc3f09bd092cb7b95e0dab
https://conda.anaconda.org/conda-forge/linux-64/libnsl-2.0.1-hb9d3cd8_1.conda#927fe72b054277cde6cb82597d0fcf6baf127dcbce2e0a9d8925a68f1265eef5
https://conda.anaconda.org/conda-forge/linux-64/libntlm-1.8-hb9d3cd8_0.conda#3b3f19ced060013c2dd99d9d46403be6d319d4601814c772a3472fe2955612b0
https://conda.anaconda.org/conda-forge/linux-64/libpciaccess-0.19-hb03c661_1.conda#addc80c69d362a9e6c40305c493139a8e9ee504b2f45a6687dbdaa9da3c6183c
https://conda.anaconda.org/conda-forge/linux-64/libpng-1.6.58-h922cc85_1.conda#c19eefb87d70d9b4b0629fa48414a155a47a1be4f04583ae71ed8c5a9a32fdcb
https://conda.anaconda.org/conda-forge/linux-64/libstdcxx-16.2.0-h934c35e_7.conda#fa7018298629fc429971fffd6ecba3d27a7b02e4e890d6a93ea01ffebe8cb745
https://conda.anaconda.org/conda-forge/linux-64/libutf8proc-2.11.3-hfe17d71_0.conda#ecbf4b7520296ed580498dc66a72508b8a79da5126e1d6dc650a7087171288f9
https://conda.anaconda.org/conda-forge/linux-64/libuuid-2.42.4-hcfc3c73_0.conda#f34b8d1de9a2bf62476d8608057d9b8a918d97444236dc53a47128f2fae79041
https://conda.anaconda.org/conda-forge/linux-64/libwebp-base-1.6.0-hd42ef1d_1.conda#8415001414f488c85b72b9d8cc2071dfb3981a47bc3c8eb56ef91a57d12eae7f
https://conda.anaconda.org/conda-forge/linux-64/libxcrypt-4.4.38-h280c20c_0.conda#f7e9292dd219a6435bbb1223da9586c3e70d66d169c5a92f08db3f2127df04e9
https://conda.anaconda.org/conda-forge/linux-64/lzo-2.10-hebe6cf0_1003.conda#a0a1400198e5302d8367f2ed53437ee3cc41dbc463cb481921ce765578780b7a
https://conda.anaconda.org/conda-forge/linux-64/ncurses-6.6-hdb14827_1.conda#5d46557214ed184381dafe835b7c94a474a1c3b307a08a250b1ea4779b44ffb3
https://conda.anaconda.org/conda-forge/linux-64/openssl-3.6.4-h781a0a9_0.conda#4747b2d6a8336f52343bceb8a1ebf41a9e6e665b9d2e3f989972de53a310599e
https://conda.anaconda.org/conda-forge/linux-64/pthread-stubs-0.4-h7cc23a3_1004.conda#4a44fd00ea73b79ca2c89b0727b9ccf61c506ead71e67a9abfa4c590042b5a4a
https://conda.anaconda.org/conda-forge/linux-64/tk-8.6.13-noxft_h1df4ec4_4.conda#a1a241d172c1ccab067ba245206dd048bc3c2d1b84504b53c9468e99adfc16a1
https://conda.anaconda.org/conda-forge/linux-64/xorg-libice-1.1.2-h280c20c_0.conda#49b532d1df875c6749d9078b56a76f3f5db49a5abe0ca620b593ed474ef0ebf1
https://conda.anaconda.org/conda-forge/linux-64/xorg-libxau-1.0.12-h7cc23a3_2.conda#3ec065b94554dc48a4ca582a960a5484bc166b26e83ce0954653e08d17e8bd53
https://conda.anaconda.org/conda-forge/linux-64/xorg-libxdmcp-1.1.5-h7cc23a3_2.conda#8a095df9bc1d2e50f2504ce8858a047ae29ea634aad6cc0b43298c63361da6d9
https://conda.anaconda.org/conda-forge/linux-64/xorg-xorgproto-2025.1-hebe6cf0_3.conda#8e9c7ca4fcfe9f0c300e4aa853b79c25411fc4e470decfe8f909b74f60dfb6dd
https://conda.anaconda.org/conda-forge/linux-64/yaml-0.2.5-hebe6cf0_3.conda#d164dfa75ecd538f6fd68765defcc06aa875bc697b9b215362d79a2a73125dd0
https://conda.anaconda.org/conda-forge/linux-64/aws-c-cal-0.9.14-h2aa3ae6_4.conda#a67c944be1728f576c02fe8f28b0cbb78b5353415075db3da4ef71bc9dd8c00c
https://conda.anaconda.org/conda-forge/linux-64/aws-c-compression-0.3.2-h720e601_4.conda#8e0a5513cfc42df8bd16adbd8e83a37d3ca89b8e04cb20eb04eb177bbbfea365
https://conda.anaconda.org/conda-forge/linux-64/aws-c-sdkutils-0.2.7-h720e601_2.conda#e419e179e04021fc680d98af23fac4b4c2369cea61171087e57a734e968dd9bd
https://conda.anaconda.org/conda-forge/linux-64/aws-checksums-0.2.10-h720e601_4.conda#6cc8617854a43040291dea791fe111ba408e7a5bbd9ee9e5a99375da7a16846b
https://conda.anaconda.org/conda-forge/linux-64/double-conversion-3.4.0-hecca717_0.conda#40cdd1b048444d3235069d75f9c8e1f286db567f6278a93b4f024e5642cfaecc
https://conda.anaconda.org/conda-forge/linux-64/geos-3.14.1-h55b0958_0.conda#dc9f03bef913c8b3c94e93a61318b7437bd5e4f7136ef841e68df8de082405d5
https://conda.anaconda.org/conda-forge/linux-64/gflags-2.3.1-h54a6638_0.conda#f7026323ac769ef432c747a6c22abd39c583d0d4f6985a7100fb371e2167f214
https://conda.anaconda.org/conda-forge/linux-64/gmp-6.3.0-hfd2156b_3.conda#f36c336efc874f346a53a9011f67e997f9faac505562cc18c13b6d399cfe61c7
https://conda.anaconda.org/conda-forge/linux-64/graphite2-1.3.15-h54a6638_1.conda#7fa3b6a9c081fa3e545573152a788d061a0a0ba57df7251cc0f4f75225fc93e7
https://conda.anaconda.org/conda-forge/linux-64/icu-78.3-py310h44b86e0_2.conda#9f07834f0c546ab14d885ce0366285f61f44e326c0edd1fc63b8294e113ae432
https://conda.anaconda.org/conda-forge/linux-64/lerc-4.2.0-hdb68285_0.conda#bf9fdebf55d8bc99d83531cdffda00703f4dc5f93a1a956768c147362c72feda
https://conda.anaconda.org/conda-forge/linux-64/libabseil-20260526.0-cxx17_h0dc7533_2.conda#7bb3d495411b7059e85225aae500d84e7846a4bb02ebd77e4450200b20c180f0
https://conda.anaconda.org/conda-forge/linux-64/libbrotlidec-1.2.0-ha411449_4.conda#d5ed24da3e583a92227fe77280978b7933f07a39a2b60156c5ad95e5c76733fa
https://conda.anaconda.org/conda-forge/linux-64/libbrotlienc-1.2.0-h018ffa1_4.conda#b9f3cb510337655485c2e79ce5f7dd468991b19ad29723ffa1175a0aed1b69ae
https://conda.anaconda.org/conda-forge/linux-64/libdrm-2.4.129-h7cc23a3_0.conda#ea46b0ca0fa16af1f8b329b740e6cd8b4577c5378fa8717b28a885f70668633d
https://conda.anaconda.org/conda-forge/linux-64/libedit-3.1.20250104-pl5321h373387f_1.conda#6473eb8caf2aae830f37caa93db9b26dddf7ac84b63229e8bf7fc0e5c3ab95b0
https://conda.anaconda.org/conda-forge/linux-64/libevent-2.1.12-h5348a74_2.conda#f874779772878f3b509c607de9089c282f71232fde4cac876fc660d29670f28d
https://conda.anaconda.org/conda-forge/linux-64/libfreetype6-2.14.3-h5e6c136_2.conda#ec607dd5445dd17ff6bf8b7fe6832e5504c226dd91d3aaea7ba83569808b0ce4
https://conda.anaconda.org/conda-forge/linux-64/libgfortran-16.2.0-h69a702a_7.conda#9682ae4dd11487e10b904b3cb3ab6379cad25233d45fdfdf90d54349df244494
https://conda.anaconda.org/conda-forge/linux-64/libhwy-1.4.0-h57c4cff_1.conda#23c7cf726b883f5e7c1bfa6bf24bceafa8be87245a7690e0b5c974eb320a9e83
https://conda.anaconda.org/conda-forge/linux-64/libnghttp2-1.68.1-h74cf4be_1.conda#11a2f54a6f391e25738bce0023e6ef499600147bbcf21c1fa69d2e251b03cc6a
https://conda.anaconda.org/conda-forge/linux-64/libpython-3.11.16-h0c77377_2_cpython.conda#9c945fbdc2292a8a39e412cb99672722c60ddf38b9002a52d5bd5954a0b25844
https://conda.anaconda.org/conda-forge/linux-64/libssh2-1.11.1-h6154650_1.conda#7e463000fa1cba3f3a6597b776f6ab301d425a96e3bc20d0d9d76a3b9f237aa3
https://conda.anaconda.org/conda-forge/linux-64/libstdcxx-ng-16.2.0-hdf11a46_7.conda#337f481db36cc357884f05f404ccd1b3a7e0fc1ee48ec5c884e4281d213bc863
https://conda.anaconda.org/conda-forge/linux-64/libxcb-1.17.0-hb83e432_2.conda#7b49e6fd2a584b7f072943e6adf4149677af5121246975278804782d37752837
https://conda.anaconda.org/conda-forge/linux-64/lz4-c-1.10.0-hee9eb32_2.conda#b8c0e930183e6b7f83cd35ace102f2b8c2f0faae41dc05255dc72f247dfc556a
https://conda.anaconda.org/conda-forge/linux-64/minizip-4.2.2-haac24f3_1.conda#75384c7e6ea3cd72969c0163ec52ddaed08590bb292e959d1afd2a6ffcc237a6
https://conda.anaconda.org/conda-forge/linux-64/muparser-2.3.5-hee9eb32_1.conda#c9322797c769560e96025d294f0daacbcf7ed95ae68903dd2e398ffb87fa2c73
https://conda.anaconda.org/conda-forge/linux-64/pcre2-10.47-h8b3dc9c_1.conda#9ebb10a4eb3be51ae67d85c679f5a7a50cb040ed25c783e6331a225ea09991d4
https://conda.anaconda.org/conda-forge/linux-64/pixman-0.46.4-h54a6638_3.conda#829d8288764282de5a9f7b9169acb75cc7dc0b6c3fe2535cfe87dea3436bbc5d
https://conda.anaconda.org/conda-forge/linux-64/readline-8.3-hd6e31c0_1.conda#01b3fe073a66e321970d09e04b388708f8cbdca5cdfbfcb7c9eeb470ad10383d
https://conda.anaconda.org/conda-forge/linux-64/s2n-1.7.5-h7e3ee7f_1.conda#7369ac21f3561e2203f5b1600ef0671270057380783ca4b9e15f679ba25db575
https://conda.anaconda.org/conda-forge/linux-64/snappy-1.2.2-h34e00bb_2.conda#8635d10c7f127808b09c0c8e77b21a255829e0934e49326548c949f7e0551f09
https://conda.anaconda.org/conda-forge/linux-64/wayland-1.26.0-hc1c935e_2.conda#df65b987979e6d7f88e756494da5a230d4f2d08d17437d04eecd35559c3a04e4
https://conda.anaconda.org/conda-forge/linux-64/xorg-libsm-1.2.6-h0d788c3_1.conda#ef907caee0665cf3b0f775602cc50e388e3bade8ce22ecade0873ff26604b2fd
https://conda.anaconda.org/conda-forge/linux-64/zlib-ng-2.3.3-hce19668_1.conda#8b786bb4380fa69a718b08a400040b865bc9207eda337e0a1955717c3c3a9403
https://conda.anaconda.org/conda-forge/linux-64/aws-c-io-0.27.3-h6f4d18d_1.conda#94c32ca672ce290e250aea1cfb92582cca4658bdc3ec7cb1ceef254f34451595
https://conda.anaconda.org/conda-forge/linux-64/blosc-1.21.6-he440d0b_1.conda#e7af5d1183b06a206192ff440e08db1c4e8b2ca1f8376ee45fb2f3a85d4ee45d
https://conda.anaconda.org/conda-forge/linux-64/brotli-bin-1.2.0-h9908984_4.conda#ce7db81d5fd4b222ee1a27c52ccf7af44faaf88283017103a8e288f9c372b973
https://conda.anaconda.org/conda-forge/linux-64/freexl-2.0.0-h1f12c17_3.conda#2be93e21acabadd6f32a830f328d23e4c6369898df0f69396c2c37be6ef0d15e
https://conda.anaconda.org/conda-forge/linux-64/glog-0.7.1-hb7133d2_1.conda#f24feeda3aeec3a2cbb9fe2e0fabc4785372e70b6cc838c96023e08e17f4bfa0
https://conda.anaconda.org/conda-forge/linux-64/glpk-5.0-h445213a_0.tar.bz2#0e19c61198ae9e188c43064414a40101f5df09970d4a2c483c0c46a6b1538966
https://conda.anaconda.org/conda-forge/linux-64/krb5-1.22.2-hbc21106_2.conda#2a5c38c85e63df84c4e69ee71439841ce570d259ae3060627bb9a49a938d66f4
https://conda.anaconda.org/conda-forge/linux-64/libcrc32c-1.1.2-h9c3ff4c_0.tar.bz2#fd1d153962764433fe6233f34a72cdeed5dcf8a883a85769e8295ce940b5b0c5
https://conda.anaconda.org/conda-forge/linux-64/libfreetype-2.14.3-ha770c72_2.conda#fb12ecb46c30d18d928c0e8fc346ab13b5f6fc8a9cacae4f2f4bb188782586f5
https://conda.anaconda.org/conda-forge/linux-64/libglib-2.90.0-h569388d_0.conda#9e688e046550415c030c3d08ed9a3fd13a51d7bc56295283b858b6c3070bb9f8
https://conda.anaconda.org/conda-forge/linux-64/libjxl-0.12.0-heb2dce7_2.conda#965e59ea776344e93a416f7e0ba309810470a61c0e0c65f1eb90be0e808d7e9c
https://conda.anaconda.org/conda-forge/linux-64/libopenblas-0.3.34-pthreads_hf13c14d_2.conda#69a722751e14eab2eb3bfdcb9acb1187afbd962b0c49b48d829341e0f6787f60
https://conda.anaconda.org/conda-forge/linux-64/libprotobuf-7.35.1-h622638d_3.conda#37c51fbc936a6bb8bf5f67c8f056edacaaa41e8603738bc8a4dee186292bb114
https://conda.anaconda.org/conda-forge/linux-64/libpsl-0.23.1-hd9e3e90_1.conda#09e8effdc89bc5d021349318d32b85594f5b8d8e3ab8f90a85b81f8fe695a566
https://conda.anaconda.org/conda-forge/linux-64/libre2-11-2025.11.05-h60473fc_2.conda#43132eb45a569b1f63199b0e7d5874d94227e9be950b327a323e7dcc1f8cd58c
https://conda.anaconda.org/conda-forge/linux-64/librttopo-1.1.0-h55b0958_21.conda#1a3c7f637bfac44e7afee097f08b5ae0c367194f9608daea314ab616dc7757e0
https://conda.anaconda.org/conda-forge/linux-64/libsqlite-3.53.4-h13e7031_1.conda#f20d70da54e5b31dd4a51fb1efeaafafd5ab6dd8d7ac9d1438eaa2526ac4ed3d
https://conda.anaconda.org/conda-forge/linux-64/libthrift-0.22.0-h7d032f7_2.conda#af6025aa4a4fc3f4e71334000d2739d927e2f678607b109ec630cc17d716918a
https://conda.anaconda.org/conda-forge/linux-64/libtiff-4.7.2-hcc2c06a_1.conda#10e125da82ca93e09191e66e5a94d566b2cf8d4024e2a0db3a9114297447e0d9
https://conda.anaconda.org/conda-forge/linux-64/libxml2-16-2.15.4-hf3af7cc_0.conda#9a1685c8d8b8488cd7882a9cd6e673e687211ca763ebbcd1e91b6f594eeadc45
https://conda.anaconda.org/conda-forge/linux-64/qhull-2020.2-h434a139_5.conda#776363493bad83308ba30bcb88c2552632581b143e8ee25b1982c8c743e73abc
https://conda.anaconda.org/conda-forge/linux-64/uriparser-0.9.8-hac33072_0.conda#2aad2aeff7c69a2d7eecd7b662eef756b27d6a6b96f3e2c2a7071340ce14543e
https://conda.anaconda.org/conda-forge/linux-64/xcb-util-0.4.1-h4f16b4b_2.conda#ad8cab7e07e2af268449c2ce855cbb51f43f4664936eff679b1f3862e6e4b01d
https://conda.anaconda.org/conda-forge/linux-64/xcb-util-keysyms-0.4.1-hb711507_0.conda#546e3ee01e95a4c884b6401284bb22da449a2f4daf508d038fdfa0712fe4cc69
https://conda.anaconda.org/conda-forge/linux-64/xcb-util-renderutil-0.3.10-hb711507_0.conda#2d401dadc43855971ce008344a4b5bd804aca9487d8ebd83328592217daca3df
https://conda.anaconda.org/conda-forge/linux-64/xcb-util-wm-0.4.2-hb711507_0.conda#31d44f297ad87a1e6510895740325a635dd204556aa7e079194a0034cdd7e66a
https://conda.anaconda.org/conda-forge/linux-64/xerces-c-3.3.0-h78fed68_2.conda#1acbd62b33b6efc985f70e0b9f0013ca18fcef2df5a18edb1c81a6b63ad20dc0
https://conda.anaconda.org/conda-forge/linux-64/xorg-libx11-1.8.13-he1eb515_1.conda#68053eebfa9f0d91666786c8fb5839d989aa9b869add92cb8815228bb2d7302c
https://conda.anaconda.org/conda-forge/linux-64/aws-c-event-stream-0.7.1-h6ffeea8_4.conda#b1f35f7b7a5e745e2d56cf93212770bb56f5207fa9f0e38f98b0c05a1b898a90
https://conda.anaconda.org/conda-forge/linux-64/aws-c-http-0.11.0-h38ae05a_4.conda#4b939b4a76a11c9ec50c891ae9bf232da8dcaf8797701df1e79ae51c988be2d4
https://conda.anaconda.org/conda-forge/linux-64/brotli-1.2.0-h505cf86_4.conda#61b78574f002390b6a7fc79834fc344beaab09550068a51100eea5a485dac741
https://conda.anaconda.org/conda-forge/linux-64/cyrus-sasl-2.1.28-hac629b4_1.conda#7684da83306bb69686c0506fb09aa7074e1a55ade50c3a879e4e5df6eebb1009
https://conda.anaconda.org/conda-forge/linux-64/dbus-1.16.2-he8c428d_2.conda#87a0a42d4ccc527597eff3234509dfb03e0d9bf67d5e2b6fc758e2ef389d8abe
https://conda.anaconda.org/conda-forge/linux-64/fontconfig-2.18.3-h4db4eae_1.conda#5a3eb10b18a97223ab06b3a7f0d7f56658db2f2800e2f2af95836fe3bf55ba63
https://conda.anaconda.org/conda-forge/linux-64/freetype-2.14.3-ha770c72_2.conda#612a8e0c1a6ecae23da54d81ef395f6ebb5c8e4468ec2611593ebce75876a4e0
https://conda.anaconda.org/conda-forge/linux-64/lcms2-2.19.1-h9073bf1_3.conda#03e675b9adaf235aab880e4133c72f4830e87bc7da2df59d6194771612239b22
https://conda.anaconda.org/conda-forge/linux-64/libblas-3.11.0-11_h4a7cf45_openblas.conda#d942e0c820d60a613a6f786d074f0820fb6343e3f1ccfb110b1d98b44fb75968
https://conda.anaconda.org/conda-forge/linux-64/libcups-2.3.3-h7a8fb5f_6.conda#205c4f19550f3647832ec44e35e6d93c8c206782bdd620c1d7cf66237580ff9c
https://conda.anaconda.org/conda-forge/linux-64/libcurl-8.22.0-ha042cf0_0.conda#483b7eb97f56fbb3a9cb7190d33012dfa0a5aaed99ede61465563cd97dd82504
https://conda.anaconda.org/conda-forge/linux-64/libglx-1.7.0-ha4b6fd6_5.conda#d1f0d51aea6bcc5d915969cbed32e72a8ed6a95931b87357ef8d0866573688c4
https://conda.anaconda.org/conda-forge/linux-64/libkml-1.3.0-haa4a5bd_1023.conda#f6348ac9cebbc03f765ea6d2da88d57d19531585c8f3a963b98635b208e8bef1
https://conda.anaconda.org/conda-forge/linux-64/libxml2-2.15.4-h7df9aa5_0.conda#053d85821ce5e36b7ce03faea5930382f6af695df9e2cd68e5d8d273072d1551
https://conda.anaconda.org/conda-forge/linux-64/openjpeg-2.5.4-heb1ab33_2.conda#131688a88bea8da92fe418c4558c5073435e2848911bc4c836c3a9dd5994b4aa
https://conda.anaconda.org/conda-forge/linux-64/orc-2.3.1-h443056b_0.conda#ae96bc0895a2279f2ea296879e0475333e838cc88754b0c1a4903dd92a7e1b21
https://conda.anaconda.org/conda-forge/linux-64/python-3.11.16-h5f976f7_2_cpython.conda#35375a255970809e8b0a1c744d56533f4da5339769ef5f5a24fe165ca321fcf3
https://conda.anaconda.org/conda-forge/linux-64/re2-2025.11.05-h94463f1_2.conda#7279908454f0c87b84ebc4aec6924f02f41a105d88420fb35dfaf5ecd976e0f5
https://conda.anaconda.org/conda-forge/linux-64/sqlite-3.53.4-h9ffa6c4_1.conda#b01812eff4e950a73933cb3dc14647a97ee377c7fab4858495b80a749ebfbf8b
https://conda.anaconda.org/conda-forge/linux-64/xcb-util-image-0.4.0-hb711507_2.conda#94b12ff8b30260d9de4fd7a28cca12e028e572cbc504fd42aa2646ec4a5bded7
https://conda.anaconda.org/conda-forge/linux-64/xkeyboard-config-2.48-h280c20c_0.conda#3b04afd5d1a65d2d27ac2d49a63b01ab8bcd875776779ec63e337370ed38afdc
https://conda.anaconda.org/conda-forge/linux-64/xorg-libxext-1.3.7-h7cc23a3_1.conda#aa9bbe8b278aacc194e280ff5037f9f9a1f2c5b33ed97de8e7f01cfbe90dda43
https://conda.anaconda.org/conda-forge/linux-64/xorg-libxfixes-6.0.2-h7cc23a3_1.conda#aec84f554fc897bf4085c7bc8b8f0740e4c224e13bca3cc51c93e7699d56f83a
https://conda.anaconda.org/conda-forge/linux-64/xorg-libxrender-0.9.12-hb03c661_1.conda#6901f91d398811e4ec89d7e20a69abac02a7bfebfaf073338b7ea3d1a99685b7
https://conda.anaconda.org/conda-forge/linux-64/aws-c-auth-0.10.4-hb7a77c6_1.conda#845fe32ee750d4a4d3efdb1d95a8c29c3388e3ea9787b77341ec4abe4e198b11
https://conda.anaconda.org/conda-forge/linux-64/aws-c-mqtt-0.16.0-h21f4ec5_2.conda#0252f072e2f493f8348575938c69b48b2799f29f0489c4ad2c5a919ab7e3d02e
https://conda.anaconda.org/conda-forge/linux-64/azure-core-cpp-1.16.3-h206d751_0.conda#fffc66e9be8806a92b314e27129c42b1298ea7065028c9e5d175dacb07829261
https://conda.anaconda.org/conda-forge/linux-64/backports.zstd-1.7.0-py311h6f959d0_1.conda#b6be9fb502245705469b05807e9a28d3265f7fdef765bd00d5132f40a0fda92b
https://conda.anaconda.org/conda-forge/linux-64/brotli-python-1.2.0-py311heb3be6f_4.conda#d641ef23bdfce1b1a889845489fce65e00311d6ed22e6b345074ec07627db7d5
https://conda.anaconda.org/conda-forge/linux-64/cairo-1.18.6-h3c89d7e_0.conda#5d0efc6f9981468aca72897460d9b2d17b74dff72787f20a9d2330e214064515
https://conda.anaconda.org/conda-forge/noarch/certifi-2026.7.22-pyhd8ed1ab_0.conda#fb167de4388e64e52aa3907ed099afab944c1fa6e5f74b281a312dae1bcf7f3b
https://conda.anaconda.org/conda-forge/noarch/cloudpickle-3.1.2-pyhcf101f3_1.conda#4c287c2721d8a34c94928be8fe0e9a85754e90189dd4384a31b1806856b50a67
https://conda.anaconda.org/conda-forge/noarch/colorama-0.4.6-pyhd8ed1ab_1.conda#ab29d57dc70786c1269633ba3dff20288b81664d3ff8d21af995742e2bb03287
https://conda.anaconda.org/conda-forge/noarch/cpython-3.11.16-py311hd8ed1ab_2.conda#be18e37b4ab19a72b2ceac449e4ad11e5e18756aeb1c2a5b7f8811bff0c2e030
https://conda.anaconda.org/conda-forge/noarch/cycler-0.12.1-pyhcf101f3_2.conda#bb47aec5338695ff8efbddbc669064a3b10fe34ad881fb8ad5d64fbfa6910ed1
https://conda.anaconda.org/conda-forge/linux-64/cykhash-2.0.1-py311h1ddb823_3.conda#64b2dafbd2ac4ebc264c8079f992f927c42f0659397ae9144d0f09ce7eb2b3cf
https://conda.anaconda.org/conda-forge/noarch/hpack-4.2.0-pyhd8ed1ab_0.conda#fdcea5d7cb314485d3907192ef024c704311548c5b0cbeb390cd1951051e29d2
https://conda.anaconda.org/conda-forge/noarch/hyperframe-6.1.0-pyhd8ed1ab_0.conda#77af6f5fe8b62ca07d09ac60127a30d9069fdc3c68d6b256754d0ffb1f7779f8
https://conda.anaconda.org/conda-forge/noarch/idna-3.20-pyh5ded981_0.conda#e044b1ec829e2e24f971fa3f3408eb26f1db836e521a58f08b0fd9a03fee47be
https://conda.anaconda.org/conda-forge/noarch/iniconfig-2.3.0-pyhd8ed1ab_0.conda#e1a9e3b1c8fe62dc3932a616c284b5d8cbe3124bbfbedcf4ce5c828cb166ee19
https://conda.anaconda.org/conda-forge/linux-64/kiwisolver-1.5.1-py311h4c6fd42_3.conda#984113fcd6ecce2256c476fca7f2de853f1da8f6eb8fdb42624027708f60ac44
https://conda.anaconda.org/conda-forge/linux-64/libarchive-3.8.9-gpl_h3152399_101.conda#bfae027a67d02325cd6b75edd60beb67cf24483af9df0ae9ef74d4438e41c806
https://conda.anaconda.org/conda-forge/linux-64/libcblas-3.11.0-11_h0358290_openblas.conda#f7d1bbdea61cf94ba219d17b2cb571a29830f8025385af799bff5a7ad1ef45e6
https://conda.anaconda.org/conda-forge/linux-64/libgl-1.7.0-ha4b6fd6_5.conda#7b2e7e31e8a4f5a01c45ecadcd8aa68c8f733b035240bc7ba9881835ef4bf7b4
https://conda.anaconda.org/conda-forge/linux-64/libglx-devel-1.7.0-ha4b6fd6_5.conda#aff3841e3404d78e1887fef988ca4842930c577399d566fa0980808756b1df51
https://conda.anaconda.org/conda-forge/linux-64/libgrpc-1.82.1-h284dbb2_1.conda#8ea3a9f54bc27f95a11bb41bc0fbd94b3e000befa90780b51fbd2834f83ed185
https://conda.anaconda.org/conda-forge/linux-64/liblapack-3.11.0-11_h47877c9_openblas.conda#1ad3f43c9319ef398a8ef45989f4903a06e3965b51e77fc669a4c894168a8411
https://conda.anaconda.org/conda-forge/linux-64/libllvm21-21.1.8-h474f4eb_1.conda#b007641e1da9de002af0518b89b07d4c59e513a6f465c9da86f24685ef86cc8b
https://conda.anaconda.org/conda-forge/linux-64/libllvm23-23.1.2-h474f4eb_0.conda#253a11a58756a3584c72c625752fb6ccf0a8885815f3e911f05731cfc24ea0ed
https://conda.anaconda.org/conda-forge/linux-64/libxkbcommon-1.13.2-h51789e4_1.conda#d44878d396713ccf3b355df617f61c40a1442fffcf134392bc6ce0e6c2219369
https://conda.anaconda.org/conda-forge/linux-64/libxml2-devel-2.15.4-h7df9aa5_0.conda#17cf9286fd38ced7b101f2f778b8288612432d451c8bd26fb9aa0a6088dfee5d
https://conda.anaconda.org/conda-forge/linux-64/libxslt-1.1.45-h8e12856_1.conda#3beb51b5ce8d2e0690b8517d3d955972d502cfbe2899279cbb9cbb6ff134d360
https://conda.anaconda.org/conda-forge/linux-64/markupsafe-3.0.3-py311h3778330_1.conda#710e207b2e91308a34bcfe547c60ad86c1fa294827266ba18548c1fe1a9d8333
https://conda.anaconda.org/conda-forge/noarch/munkres-1.1.4-pyhd8ed1ab_1.conda#d09c47c2cf456de5c09fa66d2c3c5035aa1fa228a1983a433c47b876aa16ce90
https://conda.anaconda.org/conda-forge/noarch/narwhals-2.26.0-pyh5ded981_0.conda#54b91bd1aa1687b92f9e2fa5169bbf9f2bc1c428179109dd9e9fcc6b2e8c9479
https://conda.anaconda.org/conda-forge/noarch/networkx-3.6.1-pyhcf101f3_0.conda#f6a82172afc50e54741f6f84527ef10424326611503c64e359e25a19a8e4c1c6
https://conda.anaconda.org/conda-forge/linux-64/openldap-2.6.13-hbde042b_0.conda#21c4f6c7f41dc9bec2ea2f9c80440d9a4d45a6f2ac13243e658f10dcf1044146
https://conda.anaconda.org/conda-forge/linux-64/orjson-3.12.0-py311h6b0c994_1.conda#1d1228db0d48b20965a6dbb3e2f98dd14eeabd38b810b5ccb516745e3af148cc
https://conda.anaconda.org/conda-forge/noarch/packaging-26.3-pyhc364b38_0.conda#c432626b16768b8dab228bfb706f7060c2d462a21c516d240f68f2f902b5a044
https://conda.anaconda.org/conda-forge/linux-64/pillow-12.3.0-py311hf303fd3_4.conda#9c57ee7a671ac44c94e79392f2030f4f55f5dc11c685a8e4dcc8ca3ef225f65b
https://conda.anaconda.org/conda-forge/noarch/pluggy-1.6.0-pyhf9edf01_1.conda#e14aafa63efa0528ca99ba568eaf506eb55a0371d12e6250aaaa61718d2eb62e
https://conda.anaconda.org/conda-forge/linux-64/proj-9.8.1-he0df7b0_0.conda#dff6f355025b9a510d9093e29fd970fa1091e758b848c9dec814d96ae63a09ba
https://conda.anaconda.org/conda-forge/linux-64/prometheus-cpp-1.3.0-h26ae035_1.conda#a8114acfa58fe3c3f7d7c5cc5212db82d013aa1037ecf6fd28a76ed51d0e5841
https://conda.anaconda.org/conda-forge/linux-64/protobuf-7.35.1-py311haabbe79_3.conda#6310105b2eaa26da4fdd3a6aa2cc561d962c18770a4b4dfee2e9894d5c0dc334
https://conda.anaconda.org/conda-forge/noarch/pygments-2.21.0-pyhcf101f3_0.conda#f5f015ff1bc3e1b7fc08eee096b1865234189ae0b82bebdb86a5369116e42fa0
https://conda.anaconda.org/conda-forge/noarch/pyparsing-3.3.3-pyh5ded981_0.conda#dc10d64d4b9a1310083b2f563416ab45560ee2a04fd6baab40f223f2b1ab37bc
https://conda.anaconda.org/conda-forge/noarch/pysocks-1.7.1-pyha55dd90_7.conda#ba3b032fa52709ce0d9fd388f63d330a026754587a2f461117cac9ab73d8d0d8
https://conda.anaconda.org/conda-forge/linux-64/python-duckdb-1.5.6-py311h5f79a97_0.conda#d4e4d0cbebfc73ceca052f8a44d19f1fc1801fbe50b717c868410e6f15625ec9
https://conda.anaconda.org/conda-forge/linux-64/python-rapidjson-1.25-py311h5f79a97_1.conda#14288b24e4dd0706175e61f15a9f7f74e12e40021388ec0865df3e6815f33ca1
https://conda.anaconda.org/conda-forge/linux-64/pyyaml-6.0.3-py311h3778330_1.conda#c9a6cd2c290d7c3d2b30ea34a0ccda30f770e8ddb2937871f2c404faf60d0050
https://conda.anaconda.org/conda-forge/noarch/setuptools-84.0.0-pyh332efcf_0.conda#9e200ee5f9ff19a4d94e4b51c4856d53dec849f91032f345cf0c6bc3d51a7183
https://conda.anaconda.org/conda-forge/noarch/six-1.17.0-pyhe01879c_1.conda#458227f759d5e3fcec5d9b7acce54e10c9e1f4f4b7ec978f3bfd54ce4ee9853d
https://conda.anaconda.org/conda-forge/noarch/texttable-1.7.0-pyhd8ed1ab_1.conda#68e13546ad89f43321df0793bd5c53731648da85e77b8aa6ab31f7bacb283680
https://conda.anaconda.org/conda-forge/noarch/threadpoolctl-3.7.0-pyhc455866_0.conda#a32d17fe979e59fe1295875b5d4f0431a76dfbbfcee5b01e657a8aa3c4a1b5d1
https://conda.anaconda.org/conda-forge/noarch/tomli-2.4.1-pyhcf101f3_0.conda#91cafdb64268e43e0e10d30bd1bef5af392e69f00edd34dfaf909f69ab2da6bd
https://conda.anaconda.org/conda-forge/linux-64/tornado-6.5.10-py311h0d48ccd_0.conda#770b9c1537d67859c2f591c461f5b6929fe1d8531c63ab6da568ad7d706621f8
https://conda.anaconda.org/conda-forge/noarch/tqdm-4.70.1-pyhfa0c392_0.conda#7c40c84de3de3624c2a753496122dbb880903c796d183e9d4be6c15c310c4bab
https://conda.anaconda.org/conda-forge/noarch/typing_extensions-4.16.0-pyhcf101f3_0.conda#2d888f90af0686044882c74193ec80a90ec1943145d94a7b1b048958acda1848
https://conda.anaconda.org/conda-forge/linux-64/unicodedata2-18.0.0-py311h0d48ccd_0.conda#c8dce6fd51ed3a8ac9f600939ada429691b09c00bf651e611e221a900c16c2ec
https://conda.anaconda.org/conda-forge/linux-64/xcb-util-cursor-0.1.6-hb03c661_0.conda#c2be9cae786fdb2df7c2387d2db31b285cf90ab3bfabda8fa75a596c3d20fc67
https://conda.anaconda.org/conda-forge/linux-64/xorg-libxcomposite-0.4.7-hb03c661_0.conda#048c103000af9541c919deef03ae7c5e9c570ffb4024b42ecb58dbde402e373a
https://conda.anaconda.org/conda-forge/linux-64/xorg-libxcursor-1.2.3-hb9d3cd8_0.conda#832f538ade441b1eee863c8c91af9e69b356cd3e9e1350fff4fe36cc573fc91a
https://conda.anaconda.org/conda-forge/linux-64/xorg-libxdamage-1.1.6-hb9d3cd8_0.conda#43b9772fd6582bf401846642c4635c47a9b0e36ca08116b3ec3df36ab96e0ec0
https://conda.anaconda.org/conda-forge/linux-64/xorg-libxi-1.8.3-h7cc23a3_1.conda#a523d71344a2f640efe6fc42b88fc261d9cd389d4f9838a5d42dcdb120c2b0c8
https://conda.anaconda.org/conda-forge/linux-64/xorg-libxrandr-1.5.5-h7cc23a3_1.conda#05a7f25d7f7f5cd32b27a019233ece97167fd8ade255bc13a0e49e53387f4c30
https://conda.anaconda.org/conda-forge/linux-64/xorg-libxxf86vm-1.1.7-hb03c661_0.conda#64db17baaf36fa03ed8fae105e2e671a7383e22df4077486646f7dbf12842c9f
https://conda.anaconda.org/conda-forge/noarch/xyzservices-2026.9.1-pyhd8ed1ab_0.conda#b9439f1716ff580ce56e9b4a4df7ea92e5ed2bdc9567d25cdff223d62c3183a8
https://conda.anaconda.org/conda-forge/linux-64/arpack-3.9.1-nompi_hf03ea27_102.conda#6d71343420292132be0192ddd962b308f7b8a0a0630d1db83fb9d65e8167c6ce
https://conda.anaconda.org/conda-forge/linux-64/aws-c-s3-0.12.8-h46fcd08_1.conda#a423bffbb0e6cacb5e2a0861b918ba3180e5132509afb1faf225ee9f0ec8f981
https://conda.anaconda.org/conda-forge/linux-64/azure-identity-cpp-1.13.3-h71f81a8_2.conda#ebca774f1ebaa24c150730603b418b33fc7862811a16d097716b1a29f34798c5
https://conda.anaconda.org/conda-forge/linux-64/azure-storage-common-cpp-12.14.0-hf596fc9_1.conda#8a806f9852d280926d7613df548889b49e2a1c5d836385bcb2cedb24e7b08c64
https://conda.anaconda.org/conda-forge/noarch/duckdb-1.5.6-hff2d567_0.conda#ef9a9920f0d187242f73df9401ff83d870f896477974661e8c6feb292e1af241
https://conda.anaconda.org/conda-forge/noarch/exceptiongroup-1.3.1-pyhd8ed1ab_0.conda#ee6cf346d017d954255bbcbdb424cddea4d14e4ed7e9813e429db1d795d01144
https://conda.anaconda.org/conda-forge/linux-64/fonttools-4.66.1-py311h92159aa_0.conda#1cff213361acf91321eeafeddb53926c3252a9908c156a8f7bff289a85114ec0
https://conda.anaconda.org/conda-forge/noarch/h2-4.4.1-pyhcf101f3_0.conda#307dd6ec90140c3cf4171071b0e5e870abec314f4565c1edd5bc433e942cdcc0
https://conda.anaconda.org/conda-forge/noarch/jinja2-3.1.6-pyhcf101f3_1.conda#fc9ca7348a4f25fed2079f2153ecdcf5f9cf2a0bc36c4172420ca09e1849df7b
https://conda.anaconda.org/conda-forge/noarch/joblib-1.6.0-pyhcf101f3_0.conda#96b76ace583404ce4fbc234baa6cdb3de485887913104d4ac51994f9b6656696
https://conda.anaconda.org/conda-forge/linux-64/libclang-cpp23.1-23.1.2-default_h0acdd01_0.conda#49156155d4f0ab4f479bc96d24db2c48c0b6bdb5659135c194f03c289ae2c523
https://conda.anaconda.org/conda-forge/linux-64/libgl-devel-1.7.0-ha4b6fd6_5.conda#3bebdbeb3ce451287794dddd5cc4d7f4970aac200b2fb797f0d17ac727a71cb7
https://conda.anaconda.org/conda-forge/linux-64/libharfbuzz-14.5.0-h23af247_0.conda#4e1522841eb5a5ab5a152ea9e2c1db4ec7919ab3c8991354367db9e8902e6111
https://conda.anaconda.org/conda-forge/linux-64/libopentelemetry-cpp-1.27.0-h3133023_1.conda#8f9281133322e9eb0bd4a5b11330db1c14f3b40c409639dd3805251151ca52e2
https://conda.anaconda.org/conda-forge/linux-64/libpq-18.6-h3883810_2.conda#d3bbeb25090fc9f75b97ca0de934a7c75dcbe8d14eda6a1f757ebe9ceb581feb
https://conda.anaconda.org/conda-forge/linux-64/libspatialite-5.1.0-gpl_h03b4e02_121.conda#de6a2bd161084805226e37880deb28724a240dbc9ca315b2f1f5099c5e160b47
https://conda.anaconda.org/conda-forge/linux-64/libvulkan-loader-1.4.357.0-h0e34353_2.conda#a70c25b66321ee77f9892b205e3247263c400803f543dc8aca53d569a59c5a77
https://conda.anaconda.org/conda-forge/linux-64/numpy-2.4.6-py311h2e04523_0.conda#8e8fb64c1a51282e8940d57d116aec54a4d66da59594973ae9c0b35d419b9a81
https://conda.anaconda.org/conda-forge/linux-64/pyproj-3.7.2-py311h9c2f946_5.conda#da132522d920cfb4c07f13a5924abe21e4e8d93953e9d3408b4c16e6b4a8b8b5
https://conda.anaconda.org/conda-forge/noarch/python-dateutil-2.9.0.post0-pyhe01879c_2.conda#d6a17ece93bbd5139e02d2bd7dbfa80bee1a4261dced63f65f679121686bf664
https://conda.anaconda.org/conda-forge/noarch/python-gil-3.11.16-hd8ed1ab_2.conda#caec48ea90cf78622e923366d405ec29a419d916cb1690c2319ef76f984b9233
https://conda.anaconda.org/conda-forge/noarch/typing-extensions-4.16.0-h69aa097_0.conda#b141933ece3518f6d7b75dfb59451e2f26b405a44c18e2518a83e9a02e09315c
https://conda.anaconda.org/conda-forge/noarch/typing-inspection-0.4.4-pyhcf101f3_0.conda#293c66b208468d186a94ff486c2ffbf67859a2bde8c88e965fc9d06c517191b2
https://conda.anaconda.org/conda-forge/noarch/wheel-0.48.0-pyhd8ed1ab_0.conda#ba64b29b6d418024cb565081a1799262cb2780d2534ff4c14f76aa858c4286cd
https://conda.anaconda.org/conda-forge/linux-64/xorg-libxtst-1.2.5-h7cc23a3_4.conda#d66525e7b1c492aa179c6c55610fc8dfb0a9a62ea7d4fb9f904fa6af62127f61
https://conda.anaconda.org/conda-forge/noarch/_python_abi3_support-1.0-hd8ed1ab_3.conda#2a7204314663eeda5dec482a956f0e2eaf289bd5b9953eaaaad0e81aa64638f2
https://conda.anaconda.org/conda-forge/noarch/annotated-types-0.8.0-pyhd8ed1ab_0.conda#b8fcb994134d3918d1c64a9d62f4168ff85d5bfb89e698102fe4ed679fe0df24
https://conda.anaconda.org/conda-forge/linux-64/aws-crt-cpp-0.40.1-h102d43b_3.conda#e0c3a119c7035a00e0da325187ee723e07e0e6337e50362349d178ab40961f97
https://conda.anaconda.org/conda-forge/linux-64/azure-storage-blobs-cpp-12.18.0-h74b55db_1.conda#04bb27dbf1d426b4447b28c3dc92ec01c807fa784eea86ffa1f8c2bd9b9e8076
https://conda.anaconda.org/conda-forge/noarch/branca-0.8.2-pyhd8ed1ab_0.conda#1acf87c77d920edd098ddc91fa785efc10de871465dee0f463815b176e019e8b
https://conda.anaconda.org/conda-forge/linux-64/contourpy-1.3.3-py311h724c32c_4.conda#fd7aca059253cff3d8b0aec71f0c1bf2904823b13f1997bf222aea00a76f3cce
https://conda.anaconda.org/conda-forge/linux-64/igraph-1.0.1-hfe3e89f_0.conda#5d4619b4730184185bf93f77df00d740480805e059d3a03f11d8ebb03e5e5e6d
https://conda.anaconda.org/conda-forge/linux-64/libclang13-23.1.2-default_hfab3205_0.conda#6009280c06f52fcce68f4c95c19e23a13aaf3edc99c4ae1e574c4c5f09eccac3
https://conda.anaconda.org/conda-forge/linux-64/libegl-devel-1.7.0-ha4b6fd6_5.conda#fd2794bbcff7e692fb476c17886702702893d074071d429217bad7cfb072abfd
https://conda.anaconda.org/conda-forge/linux-64/libgdal-core-3.13.3-h31aba09_1.conda#b447ca08212fe296e1788bb4ba74336fddfb40abf037cd377fe28aea4a625277
https://conda.anaconda.org/conda-forge/linux-64/libgoogle-cloud-3.8.0-hbc29df5_0.conda#46126b858d173d6808262e39e3a8aa39946d39aebb5ffb720984dc44f74feafe
https://conda.anaconda.org/conda-forge/linux-64/libraqm-0.11.0-h6406941_0.conda#ab3ccb9fd5816f76b18ee8974d359cd2605ca87d8ddef55369dc461b9986f95c
https://conda.anaconda.org/conda-forge/linux-64/pandas-3.0.6-np2py311h1e9b377_0.conda#85459025d8f749316df29ab837729155d8c54c48af2953ff6226107a7e4c1c9f
https://conda.anaconda.org/conda-forge/noarch/pip-26.2.1-pyh8b19718_0.conda#c205bae42eb11b364fe3663a817cbcbc20a8ef544c6b2ff6f391013487117259
https://conda.anaconda.org/conda-forge/linux-64/pydantic-core-2.46.5-py311ha6e1976_2.conda#d551f5186ae3a5cad2138358b70a345733f3f8a4d204d694c4949324f9802dba
https://conda.anaconda.org/conda-forge/noarch/pytest-9.1.1-pyhc364b38_2.conda#430051d80765207a7d782b2b188230ba1489d35c6e75fd9903f76cb9fda4af16
https://conda.anaconda.org/conda-forge/linux-64/scipy-1.17.1-py311hbe70eeb_1.conda#3ae2ff1d1cc5930de2ca6ac03216118bdf13b2af6098e28e827f1ba25bfcbc4e
https://conda.anaconda.org/conda-forge/linux-64/shapely-2.1.2-py311h0df7330_3.conda#f68777fbb72207a8782786cbb127437cb9f3a7d91c1115942ad3427fb8e7cc8b
https://conda.anaconda.org/conda-forge/noarch/urllib3-2.8.0-pyhd8ed1ab_0.conda#c5511c190ab55168ca412f3c54592fbf677ae6250784cb72b227a7cf3f538f7d
https://conda.anaconda.org/conda-forge/linux-64/aws-sdk-cpp-1.11.833-hc7390e0_9.conda#0c15c036c3b71471eecc58bbe08a68c66fd6a051b548dca7675c7c924ed3972b
https://conda.anaconda.org/conda-forge/linux-64/azure-storage-files-datalake-cpp-12.16.0-h1f05bef_1.conda#13e2e6eb942f65bf81e9089bf6b5926534d9245c781288c5270beb3a25c9156b
https://conda.anaconda.org/conda-forge/linux-64/charset-normalizer-3.5.2-h1114479_0.conda#e4f04b45d68716fcc47c808aeacbf165f6f295fb91bd20b91aa38942b8d2cdc6
https://conda.anaconda.org/conda-forge/noarch/geopandas-base-1.2.0-pyha770c72_0.conda#fdc108a6d142b5d267400c102aea205899359cf635ebe83a898a9ab477e4cc5e
https://conda.anaconda.org/conda-forge/linux-64/libgoogle-cloud-storage-3.8.0-hdbdcf42_0.conda#03437ce50129f9ca82a0400b7722cd2dd3ee3bfa50dcb557657f55a7de76ab6f
https://conda.anaconda.org/conda-forge/linux-64/matplotlib-base-3.11.2-py311hfea5af0_1.conda#7f56a4de19b74ea17fa0594dbb5b78b8a56d3835a8d01e721939ce2d2a977db7
https://conda.anaconda.org/conda-forge/linux-64/networkit-11.2-py311hed34c8f_0.conda#72471b7701d8d277eea9958d82ba9a9acce566a7e2b2726393bc9d2aaeafa6b3
https://conda.anaconda.org/conda-forge/linux-64/polars-runtime-32-1.44.2-py311hb519a9e_0.conda#b21cb18cbf8bdf706a1b43d0f1228b409105d1d7f29749ad2575b5e96dba2abd
https://conda.anaconda.org/conda-forge/noarch/pydantic-2.13.5-pyhcf101f3_0.conda#701ed8122021f62e1c9a46bdf4932ada911c10afa56ba0459f56da940bcbe5a7
https://conda.anaconda.org/conda-forge/linux-64/pyogrio-0.13.0-py311h31673df_0.conda#dca258076e89fc0ddc793d97d32b7287e15c2f5ec95d32fc166e43ab4fc81397
https://conda.anaconda.org/conda-forge/linux-64/python-igraph-1.0.0-py311h1ddb823_0.conda#b2bd67efb8f93e423b0839ef4ce15dc9e624a82c5a86d0cac0b2f19b80317d14
https://conda.anaconda.org/conda-forge/linux-64/qt6-main-6.11.2-pl5321h9df5c37_0.conda#00d9bc98d04aeeab6f698ca7fe9d666b157ab39b52cad1af0fa346522705668d
https://conda.anaconda.org/conda-forge/linux-64/scikit-learn-1.9.1-np2py311h1e9b377_1.conda#2edc09c7d3c06898bb1c1061210ed9f4e04d6dc38d2f569c1463bbdbfe990cf5
https://conda.anaconda.org/conda-forge/linux-64/libarrow-25.0.0-hcc2f0d9_4_cpu.conda#b3b92d94fa20d1d195de702c4b61cd0c3438d26672cbaf6ebbf021114a840a77
https://conda.anaconda.org/conda-forge/noarch/mapclassify-2.10.0-pyhd8ed1ab_1.conda#967841d300598b17f76ba812e7dae642176692ed2a6735467b93c2b2debe35c1
https://conda.anaconda.org/conda-forge/noarch/polars-1.44.2-pyh3138b34_0.conda#df9834da83b1eab9296aae08b4b00516be213ba0610fd3592426df2d2e025123
https://conda.anaconda.org/conda-forge/linux-64/pyside6-6.11.2-py311h242c0d0_1.conda#13d65a479bb6429875770485a86cb5c5987efc1877d225062d27f70dfae9365e
https://conda.anaconda.org/conda-forge/noarch/requests-2.34.2-pyhcf101f3_0.conda#1715246b19c9f85ee022933b4845f2fc14ac9184981b7b7d9b728bec8e9588da
https://conda.anaconda.org/conda-forge/noarch/folium-0.20.0-pyhd8ed1ab_0.conda#782fa186d7677fd3bc1ff7adb4cc3585f7d2c7177c30bcbce21f8c177135c520
https://conda.anaconda.org/conda-forge/linux-64/libarrow-compute-25.0.0-h53684a4_4_cpu.conda#ad642502977edceeb4ca385e42f085fb4391c409d8d098866bc4a5e3fda7a04a
https://conda.anaconda.org/conda-forge/linux-64/libparquet-25.0.0-h7376487_4_cpu.conda#dba948e05d62de3833caa065c1b7de960f921bb0a8a7687b8593df95d2d925a9
https://conda.anaconda.org/conda-forge/linux-64/matplotlib-3.11.2-py311h968eb38_1.conda#e38a5154a94e986504c9b79073011a5c0e2c29c5c77f41fe1b257cc0d4acf547
https://conda.anaconda.org/conda-forge/noarch/geopandas-1.2.0-pyhd8ed1ab_0.conda#9e052b6c89cb2c933ab9ca4d2684dd2461d09caa02cb0e3dabb52f8ff2b15e57
https://conda.anaconda.org/conda-forge/linux-64/libarrow-acero-25.0.0-h635bf11_4_cpu.conda#886631b6e32f62e04cc314462c0fbbf9d461cfb6625d2384ae0f36b5a8a72890
https://conda.anaconda.org/conda-forge/linux-64/pyarrow-core-25.0.0-py311h66caee6_0_cpu.conda#902247e1d1f74de9af4420f044c404a8acdbd98809688123d76926e94878db9a
https://conda.anaconda.org/conda-forge/linux-64/libarrow-dataset-25.0.0-h635bf11_4_cpu.conda#6715d36e6aaf00986876e67e97ae8e9b60afb2a7f52ab79b89543c37cd914e28
https://conda.anaconda.org/conda-forge/linux-64/pyrosm-0.13.1-py311h1ddb823_0.conda#a7e31a1d4f702f85e62636f642e325e8d1f9623dee870c7ed947c97637a10d10
https://conda.anaconda.org/conda-forge/linux-64/libarrow-substrait-25.0.0-h66fbfdd_4_cpu.conda#7478e785ad4b7aee72e685921d849b3fb11b0c477dfea76d9e861ee5056b35a6
https://conda.anaconda.org/conda-forge/linux-64/pyarrow-25.0.0-py311h38be061_0.conda#8ddc6e100fa786a9da5905ceb7cf4c685117e482881f1d84a25598b7d94cc2f6
